{
  "name": "bpmn-js-i18n",
  "version": "2.3.0",
  "lockfileVersion": 2,
  "requires": true,
  "packages": {
    "": {
      "name": "bpmn-js-i18n",
      "version": "2.3.0",
      "license": "MIT",
      "engines": {
        "node": ">= 16"
      },
      "peerDependencies": {
        "bpmn-js": ">= 16"
      }
    },
    "node_modules/@bpmn-io/diagram-js-ui": {
      "version": "0.2.2",
      "resolved": "https://registry.npmjs.org/@bpmn-io/diagram-js-ui/-/diagram-js-ui-0.2.2.tgz",
      "integrity": "sha512-IgOIxOwoqsFB2mMPdXtcbPVPjdYkZ3huW7ipowYLhg5jdRGHlBronQ+LER+lfWro6sPtzEsw7qX8D8Yq9M2S5g==",
      "peer": true,
      "dependencies": {
        "htm": "^3.1.1",
        "preact": "^10.11.2"
      }
    },
    "node_modules/bpmn-js": {
      "version": "16.0.0",
      "resolved": "https://registry.npmjs.org/bpmn-js/-/bpmn-js-16.0.0.tgz",
      "integrity": "sha512-LcrDkJoPRy8GkIWsW52gCkZOL3svDkj5ll67FlXnkzkv3Io6gn6O8YSXGesH5D2aCKRJ1FCfzgmxWu8B8euuSw==",
      "peer": true,
      "dependencies": {
        "bpmn-moddle": "^8.0.1",
        "diagram-js": "^13.0.0",
        "diagram-js-direct-editing": "^2.0.0",
        "ids": "^1.0.5",
        "inherits-browser": "^0.1.0",
        "min-dash": "^4.1.1",
        "min-dom": "^4.0.3",
        "object-refs": "^0.3.0",
        "tiny-svg": "^3.0.0"
      },
      "engines": {
        "node": "*"
      }
    },
    "node_modules/bpmn-moddle": {
      "version": "8.0.1",
      "resolved": "https://registry.npmjs.org/bpmn-moddle/-/bpmn-moddle-8.0.1.tgz",
      "integrity": "sha512-mwZcrWhi52+JH5Oq58WwKYcUxQ1ZMiDQuzt1bpqiqEEFFnQLqCgtLwEXQuDXFmAuQPdMAghyPzqdOZQqIQVesw==",
      "peer": true,
      "dependencies": {
        "min-dash": "^4.0.0",
        "moddle": "^6.0.0",
        "moddle-xml": "^10.0.0"
      }
    },
    "node_modules/clsx": {
      "version": "2.0.0",
      "resolved": "https://registry.npmjs.org/clsx/-/clsx-2.0.0.tgz",
      "integrity": "sha512-rQ1+kcj+ttHG0MKVGBUXwayCCF1oh39BF5COIpRzuCEv8Mwjv0XucrI2ExNTOn9IlLifGClWQcU9BrZORvtw6Q==",
      "peer": true,
      "engines": {
        "node": ">=6"
      }
    },
    "node_modules/component-event": {
      "version": "0.2.1",
      "resolved": "https://registry.npmjs.org/component-event/-/component-event-0.2.1.tgz",
      "integrity": "sha512-wGA++isMqiDq1jPYeyv2as/Bt/u+3iLW0rEa+8NQ82jAv3TgqMiCM+B2SaBdn2DfLilLjjq736YcezihRYhfxw==",
      "peer": true
    },
    "node_modules/diagram-js": {
      "version": "13.1.0",
      "resolved": "https://registry.npmjs.org/diagram-js/-/diagram-js-13.1.0.tgz",
      "integrity": "sha512-6txhexrnmmvxa/WDA+fVG5Z8UJ9DW/KcNlgWGrKujJ++5iHFp/HV3ctcWBi8rx8H2NwzNgkluNqfW+8mGDcGgg==",
      "peer": true,
      "dependencies": {
        "@bpmn-io/diagram-js-ui": "^0.2.2",
        "clsx": "^2.0.0",
        "didi": "^10.0.1",
        "hammerjs": "^2.0.1",
        "inherits-browser": "^0.1.0",
        "min-dash": "^4.1.0",
        "min-dom": "^4.1.0",
        "object-refs": "^0.3.0",
        "path-intersection": "^2.2.1",
        "tiny-svg": "^3.0.1"
      },
      "engines": {
        "node": "*"
      }
    },
    "node_modules/diagram-js-direct-editing": {
      "version": "2.0.0",
      "resolved": "https://registry.npmjs.org/diagram-js-direct-editing/-/diagram-js-direct-editing-2.0.0.tgz",
      "integrity": "sha512-/12OWL0B0RMCfaT1w3723c729MD42r5fay4wtm2DvxNFNBMdPaEvOHCTA/khLKjFzOzMVKxSzbAp7IEwBGonVw==",
      "peer": true,
      "dependencies": {
        "min-dash": "^4.0.0",
        "min-dom": "^4.0.2"
      },
      "peerDependencies": {
        "diagram-js": "*"
      }
    },
    "node_modules/didi": {
      "version": "10.0.1",
      "resolved": "https://registry.npmjs.org/didi/-/didi-10.0.1.tgz",
      "integrity": "sha512-rddmyUjpIh8pIu9OVtqQjGkZB4jNOaaRMz9AClSH3WUEOoJctxpFmqjTButmI5na5sSIDpfjABe34wEvEhrjcg==",
      "peer": true,
      "engines": {
        "node": ">= 16"
      }
    },
    "node_modules/domify": {
      "version": "1.4.2",
      "resolved": "https://registry.npmjs.org/domify/-/domify-1.4.2.tgz",
      "integrity": "sha512-m4yreHcUWHBncGVV7U+yQzc12vIlq0jMrtHZ5mW6dQMiL/7skSYNVX9wqKwOtyO9SGCgevrAFEgOCAHmamHTUA==",
      "peer": true,
      "funding": {
        "url": "https://github.com/sponsors/sindresorhus"
      }
    },
    "node_modules/hammerjs": {
      "version": "2.0.8",
      "resolved": "https://registry.npmjs.org/hammerjs/-/hammerjs-2.0.8.tgz",
      "integrity": "sha512-tSQXBXS/MWQOn/RKckawJ61vvsDpCom87JgxiYdGwHdOa0ht0vzUWDlfioofFCRU0L+6NGDt6XzbgoJvZkMeRQ==",
      "peer": true,
      "engines": {
        "node": ">=0.8.0"
      }
    },
    "node_modules/htm": {
      "version": "3.1.1",
      "resolved": "https://registry.npmjs.org/htm/-/htm-3.1.1.tgz",
      "integrity": "sha512-983Vyg8NwUE7JkZ6NmOqpCZ+sh1bKv2iYTlUkzlWmA5JD2acKoxd4KVxbMmxX/85mtfdnDmTFoNKcg5DGAvxNQ==",
      "peer": true
    },
    "node_modules/ids": {
      "version": "1.0.5",
      "resolved": "https://registry.npmjs.org/ids/-/ids-1.0.5.tgz",
      "integrity": "sha512-XQ0yom/4KWTL29sLG+tyuycy7UmeaM/79GRtSJq6IG9cJGIPeBz5kwDCguie3TwxaMNIc3WtPi0cTa1XYHicpw==",
      "peer": true
    },
    "node_modules/inherits-browser": {
      "version": "0.1.0",
      "resolved": "https://registry.npmjs.org/inherits-browser/-/inherits-browser-0.1.0.tgz",
      "integrity": "sha512-CJHHvW3jQ6q7lzsXPpapLdMx5hDpSF3FSh45pwsj6bKxJJ8Nl8v43i5yXnr3BdfOimGHKyniewQtnAIp3vyJJw==",
      "peer": true
    },
    "node_modules/min-dash": {
      "version": "4.1.1",
      "resolved": "https://registry.npmjs.org/min-dash/-/min-dash-4.1.1.tgz",
      "integrity": "sha512-r+Z6vxXLSGr+otyCPx9NKPCSixw7LdfZREPTmqfd2a/d5D6w4NCdOxRJs+HyFO6v2pQkyHroGSiINWECK+OWPg==",
      "peer": true
    },
    "node_modules/min-dom": {
      "version": "4.1.0",
      "resolved": "https://registry.npmjs.org/min-dom/-/min-dom-4.1.0.tgz",
      "integrity": "sha512-1lj1EyoSwY/UmTeT/hhPiZTsq+vK9D+8FAJ/53iK5jT1otkG9rJTixSKdjmTieEvdfES+sKbbTptzaQJhnacjA==",
      "peer": true,
      "dependencies": {
        "component-event": "^0.2.1",
        "domify": "^1.4.1",
        "min-dash": "^4.0.0"
      }
    },
    "node_modules/moddle": {
      "version": "6.2.3",
      "resolved": "https://registry.npmjs.org/moddle/-/moddle-6.2.3.tgz",
      "integrity": "sha512-bLVN+ZHL3aKnhxc19XtjUfvdJsS3EsiEJC7bT6YPD11qYmTzvsxrGgyYz1Ouof7TZuGw0lDJ1OLmEnxcpQWk3Q==",
      "peer": true,
      "dependencies": {
        "min-dash": "^4.0.0"
      }
    },
    "node_modules/moddle-xml": {
      "version": "10.1.0",
      "resolved": "https://registry.npmjs.org/moddle-xml/-/moddle-xml-10.1.0.tgz",
      "integrity": "sha512-erWckwLt+dYskewKXJso9u+aAZ5172lOiYxSOqKCPTy7L/xmqH1PoeoA7eVC7oJTt3PqF5TkZzUmbjGH6soQBg==",
      "peer": true,
      "dependencies": {
        "min-dash": "^4.0.0",
        "moddle": "^6.0.0",
        "saxen": "^8.1.2"
      }
    },
    "node_modules/object-refs": {
      "version": "0.3.0",
      "resolved": "https://registry.npmjs.org/object-refs/-/object-refs-0.3.0.tgz",
      "integrity": "sha512-eP0ywuoWOaDoiake/6kTJlPJhs+k0qNm4nYRzXLNHj6vh+5M3i9R1epJTdxIPGlhWc4fNRQ7a6XJNCX+/L4FOQ==",
      "peer": true
    },
    "node_modules/path-intersection": {
      "version": "2.2.1",
      "resolved": "https://registry.npmjs.org/path-intersection/-/path-intersection-2.2.1.tgz",
      "integrity": "sha512-9u8xvMcSfuOiStv9bPdnRJQhGQXLKurew94n4GPQCdH1nj9QKC9ObbNoIpiRq8skiOBxKkt277PgOoFgAt3/rA==",
      "peer": true
    },
    "node_modules/preact": {
      "version": "10.19.3",
      "resolved": "https://registry.npmjs.org/preact/-/preact-10.19.3.tgz",
      "integrity": "sha512-nHHTeFVBTHRGxJXKkKu5hT8C/YWBkPso4/Gad6xuj5dbptt9iF9NZr9pHbPhBrnT2klheu7mHTxTZ/LjwJiEiQ==",
      "peer": true,
      "funding": {
        "type": "opencollective",
        "url": "https://opencollective.com/preact"
      }
    },
    "node_modules/saxen": {
      "version": "8.1.2",
      "resolved": "https://registry.npmjs.org/saxen/-/saxen-8.1.2.tgz",
      "integrity": "sha512-xUOiiFbc3Ow7p8KMxwsGICPx46ZQvy3+qfNVhrkwfz3Vvq45eGt98Ft5IQaA1R/7Tb5B5MKh9fUR9x3c3nDTxw==",
      "peer": true
    },
    "node_modules/tiny-svg": {
      "version": "3.0.1",
      "resolved": "https://registry.npmjs.org/tiny-svg/-/tiny-svg-3.0.1.tgz",
      "integrity": "sha512-P8T4iwiW1t95vpHVHqrD36Brn7TqFYCPSHIWk9WLJtYK1X4aDd+5cgqcAADIWSjf1/i5idKnpCh9mim8hEdRBg==",
      "peer": true
    }
  },
  "dependencies": {
    "@bpmn-io/diagram-js-ui": {
      "version": "0.2.2",
      "resolved": "https://registry.npmjs.org/@bpmn-io/diagram-js-ui/-/diagram-js-ui-0.2.2.tgz",
      "integrity": "sha512-IgOIxOwoqsFB2mMPdXtcbPVPjdYkZ3huW7ipowYLhg5jdRGHlBronQ+LER+lfWro6sPtzEsw7qX8D8Yq9M2S5g==",
      "peer": true,
      "requires": {
        "htm": "^3.1.1",
        "preact": "^10.11.2"
      }
    },
    "bpmn-js": {
      "version": "16.0.0",
      "resolved": "https://registry.npmjs.org/bpmn-js/-/bpmn-js-16.0.0.tgz",
      "integrity": "sha512-LcrDkJoPRy8GkIWsW52gCkZOL3svDkj5ll67FlXnkzkv3Io6gn6O8YSXGesH5D2aCKRJ1FCfzgmxWu8B8euuSw==",
      "peer": true,
      "requires": {
        "bpmn-moddle": "^8.0.1",
        "diagram-js": "^13.0.0",
        "diagram-js-direct-editing": "^2.0.0",
        "ids": "^1.0.5",
        "inherits-browser": "^0.1.0",
        "min-dash": "^4.1.1",
        "min-dom": "^4.0.3",
        "object-refs": "^0.3.0",
        "tiny-svg": "^3.0.0"
      }
    },
    "bpmn-moddle": {
      "version": "8.0.1",
      "resolved": "https://registry.npmjs.org/bpmn-moddle/-/bpmn-moddle-8.0.1.tgz",
      "integrity": "sha512-mwZcrWhi52+JH5Oq58WwKYcUxQ1ZMiDQuzt1bpqiqEEFFnQLqCgtLwEXQuDXFmAuQPdMAghyPzqdOZQqIQVesw==",
      "peer": true,
      "requires": {
        "min-dash": "^4.0.0",
        "moddle": "^6.0.0",
        "moddle-xml": "^10.0.0"
      }
    },
    "clsx": {
      "version": "2.0.0",
      "resolved": "https://registry.npmjs.org/clsx/-/clsx-2.0.0.tgz",
      "integrity": "sha512-rQ1+kcj+ttHG0MKVGBUXwayCCF1oh39BF5COIpRzuCEv8Mwjv0XucrI2ExNTOn9IlLifGClWQcU9BrZORvtw6Q==",
      "peer": true
    },
    "component-event": {
      "version": "0.2.1",
      "resolved": "https://registry.npmjs.org/component-event/-/component-event-0.2.1.tgz",
      "integrity": "sha512-wGA++isMqiDq1jPYeyv2as/Bt/u+3iLW0rEa+8NQ82jAv3TgqMiCM+B2SaBdn2DfLilLjjq736YcezihRYhfxw==",
      "peer": true
    },
    "diagram-js": {
      "version": "13.1.0",
      "resolved": "https://registry.npmjs.org/diagram-js/-/diagram-js-13.1.0.tgz",
      "integrity": "sha512-6txhexrnmmvxa/WDA+fVG5Z8UJ9DW/KcNlgWGrKujJ++5iHFp/HV3ctcWBi8rx8H2NwzNgkluNqfW+8mGDcGgg==",
      "peer": true,
      "requires": {
        "@bpmn-io/diagram-js-ui": "^0.2.2",
        "clsx": "^2.0.0",
        "didi": "^10.0.1",
        "hammerjs": "^2.0.1",
        "inherits-browser": "^0.1.0",
        "min-dash": "^4.1.0",
        "min-dom": "^4.1.0",
        "object-refs": "^0.3.0",
        "path-intersection": "^2.2.1",
        "tiny-svg": "^3.0.1"
      }
    },
    "diagram-js-direct-editing": {
      "version": "2.0.0",
      "resolved": "https://registry.npmjs.org/diagram-js-direct-editing/-/diagram-js-direct-editing-2.0.0.tgz",
      "integrity": "sha512-/12OWL0B0RMCfaT1w3723c729MD42r5fay4wtm2DvxNFNBMdPaEvOHCTA/khLKjFzOzMVKxSzbAp7IEwBGonVw==",
      "peer": true,
      "requires": {
        "min-dash": "^4.0.0",
        "min-dom": "^4.0.2"
      }
    },
    "didi": {
      "version": "10.0.1",
      "resolved": "https://registry.npmjs.org/didi/-/didi-10.0.1.tgz",
      "integrity": "sha512-rddmyUjpIh8pIu9OVtqQjGkZB4jNOaaRMz9AClSH3WUEOoJctxpFmqjTButmI5na5sSIDpfjABe34wEvEhrjcg==",
      "peer": true
    },
    "domify": {
      "version": "1.4.2",
      "resolved": "https://registry.npmjs.org/domify/-/domify-1.4.2.tgz",
      "integrity": "sha512-m4yreHcUWHBncGVV7U+yQzc12vIlq0jMrtHZ5mW6dQMiL/7skSYNVX9wqKwOtyO9SGCgevrAFEgOCAHmamHTUA==",
      "peer": true
    },
    "hammerjs": {
      "version": "2.0.8",
      "resolved": "https://registry.npmjs.org/hammerjs/-/hammerjs-2.0.8.tgz",
      "integrity": "sha512-tSQXBXS/MWQOn/RKckawJ61vvsDpCom87JgxiYdGwHdOa0ht0vzUWDlfioofFCRU0L+6NGDt6XzbgoJvZkMeRQ==",
      "peer": true
    },
    "htm": {
      "version": "3.1.1",
      "resolved": "https://registry.npmjs.org/htm/-/htm-3.1.1.tgz",
      "integrity": "sha512-983Vyg8NwUE7JkZ6NmOqpCZ+sh1bKv2iYTlUkzlWmA5JD2acKoxd4KVxbMmxX/85mtfdnDmTFoNKcg5DGAvxNQ==",
      "peer": true
    },
    "ids": {
      "version": "1.0.5",
      "resolved": "https://registry.npmjs.org/ids/-/ids-1.0.5.tgz",
      "integrity": "sha512-XQ0yom/4KWTL29sLG+tyuycy7UmeaM/79GRtSJq6IG9cJGIPeBz5kwDCguie3TwxaMNIc3WtPi0cTa1XYHicpw==",
      "peer": true
    },
    "inherits-browser": {
      "version": "0.1.0",
      "resolved": "https://registry.npmjs.org/inherits-browser/-/inherits-browser-0.1.0.tgz",
      "integrity": "sha512-CJHHvW3jQ6q7lzsXPpapLdMx5hDpSF3FSh45pwsj6bKxJJ8Nl8v43i5yXnr3BdfOimGHKyniewQtnAIp3vyJJw==",
      "peer": true
    },
    "min-dash": {
      "version": "4.1.1",
      "resolved": "https://registry.npmjs.org/min-dash/-/min-dash-4.1.1.tgz",
      "integrity": "sha512-r+Z6vxXLSGr+otyCPx9NKPCSixw7LdfZREPTmqfd2a/d5D6w4NCdOxRJs+HyFO6v2pQkyHroGSiINWECK+OWPg==",
      "peer": true
    },
    "min-dom": {
      "version": "4.1.0",
      "resolved": "https://registry.npmjs.org/min-dom/-/min-dom-4.1.0.tgz",
      "integrity": "sha512-1lj1EyoSwY/UmTeT/hhPiZTsq+vK9D+8FAJ/53iK5jT1otkG9rJTixSKdjmTieEvdfES+sKbbTptzaQJhnacjA==",
      "peer": true,
      "requires": {
        "component-event": "^0.2.1",
        "domify": "^1.4.1",
        "min-dash": "^4.0.0"
      }
    },
    "moddle": {
      "version": "6.2.3",
      "resolved": "https://registry.npmjs.org/moddle/-/moddle-6.2.3.tgz",
      "integrity": "sha512-bLVN+ZHL3aKnhxc19XtjUfvdJsS3EsiEJC7bT6YPD11qYmTzvsxrGgyYz1Ouof7TZuGw0lDJ1OLmEnxcpQWk3Q==",
      "peer": true,
      "requires": {
        "min-dash": "^4.0.0"
      }
    },
    "moddle-xml": {
      "version": "10.1.0",
      "resolved": "https://registry.npmjs.org/moddle-xml/-/moddle-xml-10.1.0.tgz",
      "integrity": "sha512-erWckwLt+dYskewKXJso9u+aAZ5172lOiYxSOqKCPTy7L/xmqH1PoeoA7eVC7oJTt3PqF5TkZzUmbjGH6soQBg==",
      "peer": true,
      "requires": {
        "min-dash": "^4.0.0",
        "moddle": "^6.0.0",
        "saxen": "^8.1.2"
      }
    },
    "object-refs": {
      "version": "0.3.0",
      "resolved": "https://registry.npmjs.org/object-refs/-/object-refs-0.3.0.tgz",
      "integrity": "sha512-eP0ywuoWOaDoiake/6kTJlPJhs+k0qNm4nYRzXLNHj6vh+5M3i9R1epJTdxIPGlhWc4fNRQ7a6XJNCX+/L4FOQ==",
      "peer": true
    },
    "path-intersection": {
      "version": "2.2.1",
      "resolved": "https://registry.npmjs.org/path-intersection/-/path-intersection-2.2.1.tgz",
      "integrity": "sha512-9u8xvMcSfuOiStv9bPdnRJQhGQXLKurew94n4GPQCdH1nj9QKC9ObbNoIpiRq8skiOBxKkt277PgOoFgAt3/rA==",
      "peer": true
    },
    "preact": {
      "version": "10.19.3",
      "resolved": "https://registry.npmjs.org/preact/-/preact-10.19.3.tgz",
      "integrity": "sha512-nHHTeFVBTHRGxJXKkKu5hT8C/YWBkPso4/Gad6xuj5dbptt9iF9NZr9pHbPhBrnT2klheu7mHTxTZ/LjwJiEiQ==",
      "peer": true
    },
    "saxen": {
      "version": "8.1.2",
      "resolved": "https://registry.npmjs.org/saxen/-/saxen-8.1.2.tgz",
      "integrity": "sha512-xUOiiFbc3Ow7p8KMxwsGICPx46ZQvy3+qfNVhrkwfz3Vvq45eGt98Ft5IQaA1R/7Tb5B5MKh9fUR9x3c3nDTxw==",
      "peer": true
    },
    "tiny-svg": {
      "version": "3.0.1",
      "resolved": "https://registry.npmjs.org/tiny-svg/-/tiny-svg-3.0.1.tgz",
      "integrity": "sha512-P8T4iwiW1t95vpHVHqrD36Brn7TqFYCPSHIWk9WLJtYK1X4aDd+5cgqcAADIWSjf1/i5idKnpCh9mim8hEdRBg==",
      "peer": true
    }
  }
}
